
Microsoft Visual Studio Solution File, Format Version 12.00
# Visual Studio Version 17
VisualStudioVersion = 17.8.34511.84
MinimumVisualStudioVersion = 10.0.40219.1
Project("{FAE04EC0-301F-11D3-BF4B-00C04F79EFBC}") = "QueryRaiserApp", "QueryRaiserApp\QueryRaiserApp.csproj", "{95669E68-D560-420B-B3F4-FDC78BBF2338}"
EndProject
Global
	GlobalSection(SolutionConfigurationPlatforms) = preSolution
		Debug|Any CPU = Debug|Any CPU
		Release|Any CPU = Release|Any CPU
	EndGlobalSection
	GlobalSection(ProjectConfigurationPlatforms) = postSolution
		{95669E68-D560-420B-B3F4-FDC78BBF2338}.Debug|Any CPU.ActiveCfg = Debug|Any CPU
		{95669E68-D560-420B-B3F4-FDC78BBF2338}.Debug|Any CPU.Build.0 = Debug|Any CPU
		{95669E68-D560-420B-B3F4-FDC78BBF2338}.Release|Any CPU.ActiveCfg = Release|Any CPU
		{95669E68-D560-420B-B3F4-FDC78BBF2338}.Release|Any CPU.Build.0 = Release|Any CPU
	EndGlobalSection
	GlobalSection(SolutionProperties) = preSolution
		HideSolutionNode = FALSE
	EndGlobalSection
	GlobalSection(ExtensibilityGlobals) = postSolution
		SolutionGuid = {41BC3894-C0F1-4BD0-9D8A-197F7F9523CF}
	EndGlobalSection
EndGlobal
